// !$*UTF8*$!
{
	archiveVersion = 1;
	classes = {
	};
	objectVersion = 51;
	objects = {

/* Begin PBXBuildFile section */
		C4D9C9466D56876B9457DFFB /* Pods_Chillinator_2.framework in Frameworks */ = {isa = PBXBuildFile; fileRef = 282A009B59A74098116420DF /* Pods_Chillinator_2.framework */; };
		EB5C0490235B862F00072655 /* MusicListService.swift in Sources */ = {isa = PBXBuildFile; fileRef = EB5C048F235B862F00072655 /* MusicListService.swift */; };
		EB69B590235A4850008AB703 /* PlayerViewController.swift in Sources */ = {isa = PBXBuildFile; fileRef = EB69B58E235A4850008AB703 /* PlayerViewController.swift */; };
		EB69B591235A4850008AB703 /* PlayerViewController.xib in Resources */ = {isa = PBXBuildFile; fileRef = EB69B58F235A4850008AB703 /* PlayerViewController.xib */; };
		EB69B593235A49CA008AB703 /* PlayerViewModel.swift in Sources */ = {isa = PBXBuildFile; fileRef = EB69B592235A49CA008AB703 /* PlayerViewModel.swift */; };
		EB69B596235A4A1C008AB703 /* Disk.swift in Sources */ = {isa = PBXBuildFile; fileRef = EB69B595235A4A1C008AB703 /* Disk.swift */; };
		EB69B599235A5A51008AB703 /* UIView.swift in Sources */ = {isa = PBXBuildFile; fileRef = EB69B598235A5A51008AB703 /* UIView.swift */; };
		EB6DD74F235CBE780009B5DF /* PlayerModel.swift in Sources */ = {isa = PBXBuildFile; fileRef = EB6DD74E235CBE780009B5DF /* PlayerModel.swift */; };
		EB6DD751235CCC670009B5DF /* RxPlayerItem.swift in Sources */ = {isa = PBXBuildFile; fileRef = EB6DD750235CCC670009B5DF /* RxPlayerItem.swift */; };
		EB860C79235A460000733FE5 /* AppDelegate.swift in Sources */ = {isa = PBXBuildFile; fileRef = EB860C78235A460000733FE5 /* AppDelegate.swift */; };
		EB860C80235A460100733FE5 /* Assets.xcassets in Resources */ = {isa = PBXBuildFile; fileRef = EB860C7F235A460100733FE5 /* Assets.xcassets */; };
		EB860C83235A460100733FE5 /* LaunchScreen.storyboard in Resources */ = {isa = PBXBuildFile; fileRef = EB860C81235A460100733FE5 /* LaunchScreen.storyboard */; };
		EBB2AB9D235C6A2500F4A432 /* StartScreenViewModel.swift in Sources */ = {isa = PBXBuildFile; fileRef = EBB2AB9C235C6A2500F4A432 /* StartScreenViewModel.swift */; };
		EBB2ABA0235C6A3800F4A432 /* StartScreenViewController.swift in Sources */ = {isa = PBXBuildFile; fileRef = EBB2AB9E235C6A3800F4A432 /* StartScreenViewController.swift */; };
		EBB2ABA1235C6A3800F4A432 /* StartScreenViewController.xib in Resources */ = {isa = PBXBuildFile; fileRef = EBB2AB9F235C6A3800F4A432 /* StartScreenViewController.xib */; };
/* End PBXBuildFile section */

/* Begin PBXFileReference section */
		282A009B59A74098116420DF /* Pods_Chillinator_2.framework */ = {isa = PBXFileReference; explicitFileType = wrapper.framework; includeInIndex = 0; path = Pods_Chillinator_2.framework; sourceTree = BUILT_PRODUCTS_DIR; };
		31ECB4A8F7FC5DF6C4FA7A01 /* Pods-Chillinator 2.release.xcconfig */ = {isa = PBXFileReference; includeInIndex = 1; lastKnownFileType = text.xcconfig; name = "Pods-Chillinator 2.release.xcconfig"; path = "Target Support Files/Pods-Chillinator 2/Pods-Chillinator 2.release.xcconfig"; sourceTree = "<group>"; };
		9412D0CB128325E7406328D7 /* Pods-Chillinator 2.debug.xcconfig */ = {isa = PBXFileReference; includeInIndex = 1; lastKnownFileType = text.xcconfig; name = "Pods-Chillinator 2.debug.xcconfig"; path = "Target Support Files/Pods-Chillinator 2/Pods-Chillinator 2.debug.xcconfig"; sourceTree = "<group>"; };
		EB5C048F235B862F00072655 /* MusicListService.swift */ = {isa = PBXFileReference; lastKnownFileType = sourcecode.swift; path = MusicListService.swift; sourceTree = "<group>"; };
		EB69B58E235A4850008AB703 /* PlayerViewController.swift */ = {isa = PBXFileReference; lastKnownFileType = sourcecode.swift; path = PlayerViewController.swift; sourceTree = "<group>"; };
		EB69B58F235A4850008AB703 /* PlayerViewController.xib */ = {isa = PBXFileReference; lastKnownFileType = file.xib; path = PlayerViewController.xib; sourceTree = "<group>"; };
		EB69B592235A49CA008AB703 /* PlayerViewModel.swift */ = {isa = PBXFileReference; lastKnownFileType = sourcecode.swift; path = PlayerViewModel.swift; sourceTree = "<group>"; };
		EB69B595235A4A1C008AB703 /* Disk.swift */ = {isa = PBXFileReference; lastKnownFileType = sourcecode.swift; path = Disk.swift; sourceTree = "<group>"; };
		EB69B598235A5A51008AB703 /* UIView.swift */ = {isa = PBXFileReference; lastKnownFileType = sourcecode.swift; path = UIView.swift; sourceTree = "<group>"; };
		EB6DD74E235CBE780009B5DF /* PlayerModel.swift */ = {isa = PBXFileReference; lastKnownFileType = sourcecode.swift; path = PlayerModel.swift; sourceTree = "<group>"; };
		EB6DD750235CCC670009B5DF /* RxPlayerItem.swift */ = {isa = PBXFileReference; lastKnownFileType = sourcecode.swift; path = RxPlayerItem.swift; sourceTree = "<group>"; };
		EB860C75235A460000733FE5 /* Chillinator 2.app */ = {isa = PBXFileReference; explicitFileType = wrapper.application; includeInIndex = 0; path = "Chillinator 2.app"; sourceTree = BUILT_PRODUCTS_DIR; };
		EB860C78235A460000733FE5 /* AppDelegate.swift */ = {isa = PBXFileReference; lastKnownFileType = sourcecode.swift; path = AppDelegate.swift; sourceTree = "<group>"; };
		EB860C7F235A460100733FE5 /* Assets.xcassets */ = {isa = PBXFileReference; lastKnownFileType = folder.assetcatalog; path = Assets.xcassets; sourceTree = "<group>"; };
		EB860C82235A460100733FE5 /* Base */ = {isa = PBXFileReference; lastKnownFileType = file.storyboard; name = Base; path = Base.lproj/LaunchScreen.storyboard; sourceTree = "<group>"; };
		EB860C84235A460100733FE5 /* Info.plist */ = {isa = PBXFileReference; lastKnownFileType = text.plist.xml; path = Info.plist; sourceTree = "<group>"; };
		EBB2AB9C235C6A2500F4A432 /* StartScreenViewModel.swift */ = {isa = PBXFileReference; lastKnownFileType = sourcecode.swift; path = StartScreenViewModel.swift; sourceTree = "<group>"; };
		EBB2AB9E235C6A3800F4A432 /* StartScreenViewController.swift */ = {isa = PBXFileReference; lastKnownFileType = sourcecode.swift; path = StartScreenViewController.swift; sourceTree = "<group>"; };
		EBB2AB9F235C6A3800F4A432 /* StartScreenViewController.xib */ = {isa = PBXFileReference; lastKnownFileType = file.xib; path = StartScreenViewController.xib; sourceTree = "<group>"; };
/* End PBXFileReference section */

/* Begin PBXFrameworksBuildPhase section */
		EB860C72235A460000733FE5 /* Frameworks */ = {
			isa = PBXFrameworksBuildPhase;
			buildActionMask = 2147483647;
			files = (
				C4D9C9466D56876B9457DFFB /* Pods_Chillinator_2.framework in Frameworks */,
			);
			runOnlyForDeploymentPostprocessing = 0;
		};
/* End PBXFrameworksBuildPhase section */

/* Begin PBXGroup section */
		01043CE8E8D4EEF70EBAF628 /* Pods */ = {
			isa = PBXGroup;
			children = (
				9412D0CB128325E7406328D7 /* Pods-Chillinator 2.debug.xcconfig */,
				31ECB4A8F7FC5DF6C4FA7A01 /* Pods-Chillinator 2.release.xcconfig */,
			);
			path = Pods;
			sourceTree = "<group>";
		};
		0E99307876B1CE5584790488 /* Frameworks */ = {
			isa = PBXGroup;
			children = (
				282A009B59A74098116420DF /* Pods_Chillinator_2.framework */,
			);
			name = Frameworks;
			sourceTree = "<group>";
		};
		EB5C048E235B860F00072655 /* Service */ = {
			isa = PBXGroup;
			children = (
				EB5C048F235B862F00072655 /* MusicListService.swift */,
			);
			path = Service;
			sourceTree = "<group>";
		};
		EB69B58D235A4823008AB703 /* Player */ = {
			isa = PBXGroup;
			children = (
				EB69B58E235A4850008AB703 /* PlayerViewController.swift */,
				EB69B592235A49CA008AB703 /* PlayerViewModel.swift */,
				EB6DD74E235CBE780009B5DF /* PlayerModel.swift */,
				EB69B58F235A4850008AB703 /* PlayerViewController.xib */,
			);
			path = Player;
			sourceTree = "<group>";
		};
		EB69B594235A49FE008AB703 /* Components */ = {
			isa = PBXGroup;
			children = (
				EB69B595235A4A1C008AB703 /* Disk.swift */,
				EB6DD750235CCC670009B5DF /* RxPlayerItem.swift */,
			);
			path = Components;
			sourceTree = "<group>";
		};
		EB69B597235A5A32008AB703 /* Extensions */ = {
			isa = PBXGroup;
			children = (
				EB69B598235A5A51008AB703 /* UIView.swift */,
			);
			path = Extensions;
			sourceTree = "<group>";
		};
		EB860C6C235A460000733FE5 = {
			isa = PBXGroup;
			children = (
				EB860C77235A460000733FE5 /* Chillinator 2 */,
				EB860C76235A460000733FE5 /* Products */,
				01043CE8E8D4EEF70EBAF628 /* Pods */,
				0E99307876B1CE5584790488 /* Frameworks */,
			);
			sourceTree = "<group>";
		};
		EB860C76235A460000733FE5 /* Products */ = {
			isa = PBXGroup;
			children = (
				EB860C75235A460000733FE5 /* Chillinator 2.app */,
			);
			name = Products;
			sourceTree = "<group>";
		};
		EB860C77235A460000733FE5 /* Chillinator 2 */ = {
			isa = PBXGroup;
			children = (
				EB860C78235A460000733FE5 /* AppDelegate.swift */,
				EBB2AB9B235C6A0400F4A432 /* StartScreen */,
				EB5C048E235B860F00072655 /* Service */,
				EB69B597235A5A32008AB703 /* Extensions */,
				EB69B594235A49FE008AB703 /* Components */,
				EB69B58D235A4823008AB703 /* Player */,
				EB860C7F235A460100733FE5 /* Assets.xcassets */,
				EB860C81235A460100733FE5 /* LaunchScreen.storyboard */,
				EB860C84235A460100733FE5 /* Info.plist */,
			);
			path = "Chillinator 2";
			sourceTree = "<group>";
		};
		EBB2AB9B235C6A0400F4A432 /* StartScreen */ = {
			isa = PBXGroup;
			children = (
				EBB2AB9C235C6A2500F4A432 /* StartScreenViewModel.swift */,
				EBB2AB9E235C6A3800F4A432 /* StartScreenViewController.swift */,
				EBB2AB9F235C6A3800F4A432 /* StartScreenViewController.xib */,
			);
			path = StartScreen;
			sourceTree = "<group>";
		};
/* End PBXGroup section */

/* Begin PBXNativeTarget section */
		EB860C74235A460000733FE5 /* Chillinator 2 */ = {
			isa = PBXNativeTarget;
			buildConfigurationList = EB860C87235A460100733FE5 /* Build configuration list for PBXNativeTarget "Chillinator 2" */;
			buildPhases = (
				6FFF97E8309E39BC4F36A2FA /* [CP] Check Pods Manifest.lock */,
				EB860C71235A460000733FE5 /* Sources */,
				EB860C72235A460000733FE5 /* Frameworks */,
				EB860C73235A460000733FE5 /* Resources */,
				A7C3BF403FE26BEAE311A5BD /* [CP] Embed Pods Frameworks */,
			);
			buildRules = (
			);
			dependencies = (
			);
			name = "Chillinator 2";
			productName = "Chillinator 2";
			productReference = EB860C75235A460000733FE5 /* Chillinator 2.app */;
			productType = "com.apple.product-type.application";
		};
/* End PBXNativeTarget section */

/* Begin PBXProject section */
		EB860C6D235A460000733FE5 /* Project object */ = {
			isa = PBXProject;
			attributes = {
				LastSwiftUpdateCheck = 1030;
				LastUpgradeCheck = 1030;
				ORGANIZATIONNAME = NRKK.DEV;
				TargetAttributes = {
					EB860C74235A460000733FE5 = {
						CreatedOnToolsVersion = 10.3;
					};
				};
			};
			buildConfigurationList = EB860C70235A460000733FE5 /* Build configuration list for PBXProject "Chillinator 2" */;
			compatibilityVersion = "Xcode 9.3";
			developmentRegion = en;
			hasScannedForEncodings = 0;
			knownRegions = (
				en,
				Base,
			);
			mainGroup = EB860C6C235A460000733FE5;
			productRefGroup = EB860C76235A460000733FE5 /* Products */;
			projectDirPath = "";
			projectRoot = "";
			targets = (
				EB860C74235A460000733FE5 /* Chillinator 2 */,
			);
		};
/* End PBXProject section */

/* Begin PBXResourcesBuildPhase section */
		EB860C73235A460000733FE5 /* Resources */ = {
			isa = PBXResourcesBuildPhase;
			buildActionMask = 2147483647;
			files = (
				EB860C83235A460100733FE5 /* LaunchScreen.storyboard in Resources */,
				EB860C80235A460100733FE5 /* Assets.xcassets in Resources */,
				EB69B591235A4850008AB703 /* PlayerViewController.xib in Resources */,
				EBB2ABA1235C6A3800F4A432 /* StartScreenViewController.xib in Resources */,
			);
			runOnlyForDeploymentPostprocessing = 0;
		};
/* End PBXResourcesBuildPhase section */

/* Begin PBXShellScriptBuildPhase section */
		6FFF97E8309E39BC4F36A2FA /* [CP] Check Pods Manifest.lock */ = {
			isa = PBXShellScriptBuildPhase;
			buildActionMask = 2147483647;
			files = (
			);
			inputFileListPaths = (
			);
			inputPaths = (
				"${PODS_PODFILE_DIR_PATH}/Podfile.lock",
				"${PODS_ROOT}/Manifest.lock",
			);
			name = "[CP] Check Pods Manifest.lock";
			outputFileListPaths = (
			);
			outputPaths = (
				"$(DERIVED_FILE_DIR)/Pods-Chillinator 2-checkManifestLockResult.txt",
			);
			runOnlyForDeploymentPostprocessing = 0;
			shellPath = /bin/sh;
			shellScript = "diff \"${PODS_PODFILE_DIR_PATH}/Podfile.lock\" \"${PODS_ROOT}/Manifest.lock\" > /dev/null\nif [ $? != 0 ] ; then\n    # print error to STDERR\n    echo \"error: The sandbox is not in sync with the Podfile.lock. Run 'pod install' or update your CocoaPods installation.\" >&2\n    exit 1\nfi\n# This output is used by Xcode 'outputs' to avoid re-running this script phase.\necho \"SUCCESS\" > \"${SCRIPT_OUTPUT_FILE_0}\"\n";
			showEnvVarsInLog = 0;
		};
		A7C3BF403FE26BEAE311A5BD /* [CP] Embed Pods Frameworks */ = {
			isa = PBXShellScriptBuildPhase;
			buildActionMask = 2147483647;
			files = (
			);
			inputFileListPaths = (
				"${PODS_ROOT}/Target Support Files/Pods-Chillinator 2/Pods-Chillinator 2-frameworks-${CONFIGURATION}-input-files.xcfilelist",
			);
			name = "[CP] Embed Pods Frameworks";
			outputFileListPaths = (
				"${PODS_ROOT}/Target Support Files/Pods-Chillinator 2/Pods-Chillinator 2-frameworks-${CONFIGURATION}-output-files.xcfilelist",
			);
			runOnlyForDeploymentPostprocessing = 0;
			shellPath = /bin/sh;
			shellScript = "\"${PODS_ROOT}/Target Support Files/Pods-Chillinator 2/Pods-Chillinator 2-frameworks.sh\"\n";
			showEnvVarsInLog = 0;
		};
/* End PBXShellScriptBuildPhase section */

/* Begin PBXSourcesBuildPhase section */
		EB860C71235A460000733FE5 /* Sources */ = {
			isa = PBXSourcesBuildPhase;
			buildActionMask = 2147483647;
			files = (
				EB69B596235A4A1C008AB703 /* Disk.swift in Sources */,
				EB69B593235A49CA008AB703 /* PlayerViewModel.swift in Sources */,
				EB860C79235A460000733FE5 /* AppDelegate.swift in Sources */,
				EB6DD74F235CBE780009B5DF /* PlayerModel.swift in Sources */,
				EB69B599235A5A51008AB703 /* UIView.swift in Sources */,
				EB69B590235A4850008AB703 /* PlayerViewController.swift in Sources */,
				EBB2AB9D235C6A2500F4A432 /* StartScreenViewModel.swift in Sources */,
				EB6DD751235CCC670009B5DF /* RxPlayerItem.swift in Sources */,
				EB5C0490235B862F00072655 /* MusicListService.swift in Sources */,
				EBB2ABA0235C6A3800F4A432 /* StartScreenViewController.swift in Sources */,
			);
			runOnlyForDeploymentPostprocessing = 0;
		};
/* End PBXSourcesBuildPhase section */

/* Begin PBXVariantGroup section */
		EB860C81235A460100733FE5 /* LaunchScreen.storyboard */ = {
			isa = PBXVariantGroup;
			children = (
				EB860C82235A460100733FE5 /* Base */,
			);
			name = LaunchScreen.storyboard;
			sourceTree = "<group>";
		};
/* End PBXVariantGroup section */

/* Begin XCBuildConfiguration section */
		EB860C85235A460100733FE5 /* Debug */ = {
			isa = XCBuildConfiguration;
			buildSettings = {
				ALWAYS_SEARCH_USER_PATHS = NO;
				CLANG_ANALYZER_NONNULL = YES;
				CLANG_ANALYZER_NUMBER_OBJECT_CONVERSION = YES_AGGRESSIVE;
				CLANG_CXX_LANGUAGE_STANDARD = "gnu++14";
				CLANG_CXX_LIBRARY = "libc++";
				CLANG_ENABLE_MODULES = YES;
				CLANG_ENABLE_OBJC_ARC = YES;
				CLANG_ENABLE_OBJC_WEAK = YES;
				CLANG_WARN_BLOCK_CAPTURE_AUTORELEASING = YES;
				CLANG_WARN_BOOL_CONVERSION = YES;
				CLANG_WARN_COMMA = YES;
				CLANG_WARN_CONSTANT_CONVERSION = YES;
				CLANG_WARN_DEPRECATED_OBJC_IMPLEMENTATIONS = YES;
				CLANG_WARN_DIRECT_OBJC_ISA_USAGE = YES_ERROR;
				CLANG_WARN_DOCUMENTATION_COMMENTS = YES;
				CLANG_WARN_EMPTY_BODY = YES;
				CLANG_WARN_ENUM_CONVERSION = YES;
				CLANG_WARN_INFINITE_RECURSION = YES;
				CLANG_WARN_INT_CONVERSION = YES;
				CLANG_WARN_NON_LITERAL_NULL_CONVERSION = YES;
				CLANG_WARN_OBJC_IMPLICIT_RETAIN_SELF = YES;
				CLANG_WARN_OBJC_LITERAL_CONVERSION = YES;
				CLANG_WARN_OBJC_ROOT_CLASS = YES_ERROR;
				CLANG_WARN_RANGE_LOOP_ANALYSIS = YES;
				CLANG_WARN_STRICT_PROTOTYPES = YES;
				CLANG_WARN_SUSPICIOUS_MOVE = YES;
				CLANG_WARN_UNGUARDED_AVAILABILITY = YES_AGGRESSIVE;
				CLANG_WARN_UNREACHABLE_CODE = YES;
				CLANG_WARN__DUPLICATE_METHOD_MATCH = YES;
				CODE_SIGN_IDENTITY = "iPhone Developer";
				COPY_PHASE_STRIP = NO;
				DEBUG_INFORMATION_FORMAT = dwarf;
				ENABLE_STRICT_OBJC_MSGSEND = YES;
				ENABLE_TESTABILITY = YES;
				GCC_C_LANGUAGE_STANDARD = gnu11;
				GCC_DYNAMIC_NO_PIC = NO;
				GCC_NO_COMMON_BLOCKS = YES;
				GCC_OPTIMIZATION_LEVEL = 0;
				GCC_PREPROCESSOR_DEFINITIONS = (
					"DEBUG=1",
					"$(inherited)",
				);
				GCC_WARN_64_TO_32_BIT_CONVERSION = YES;
				GCC_WARN_ABOUT_RETURN_TYPE = YES_ERROR;
				GCC_WARN_UNDECLARED_SELECTOR = YES;
				GCC_WARN_UNINITIALIZED_AUTOS = YES_AGGRESSIVE;
				GCC_WARN_UNUSED_FUNCTION = YES;
				GCC_WARN_UNUSED_VARIABLE = YES;
				IPHONEOS_DEPLOYMENT_TARGET = 11.0;
				MTL_ENABLE_DEBUG_INFO = INCLUDE_SOURCE;
				MTL_FAST_MATH = YES;
				ONLY_ACTIVE_ARCH = YES;
				SDKROOT = iphoneos;
				SWIFT_ACTIVE_COMPILATION_CONDITIONS = DEBUG;
				SWIFT_OPTIMIZATION_LEVEL = "-Onone";
			};
			name = Debug;
		};
		EB860C86235A460100733FE5 /* Release */ = {
			isa = XCBuildConfiguration;
			buildSettings = {
				ALWAYS_SEARCH_USER_PATHS = NO;
				CLANG_ANALYZER_NONNULL = YES;
				CLANG_ANALYZER_NUMBER_OBJECT_CONVERSION = YES_AGGRESSIVE;
				CLANG_CXX_LANGUAGE_STANDARD = "gnu++14";
				CLANG_CXX_LIBRARY = "libc++";
				CLANG_ENABLE_MODULES = YES;
				CLANG_ENABLE_OBJC_ARC = YES;
				CLANG_ENABLE_OBJC_WEAK = YES;
				CLANG_WARN_BLOCK_CAPTURE_AUTORELEASING = YES;
				CLANG_WARN_BOOL_CONVERSION = YES;
				CLANG_WARN_COMMA = YES;
				CLANG_WARN_CONSTANT_CONVERSION = YES;
				CLANG_WARN_DEPRECATED_OBJC_IMPLEMENTATIONS = YES;
				CLANG_WARN_DIRECT_OBJC_ISA_USAGE = YES_ERROR;
				CLANG_WARN_DOCUMENTATION_COMMENTS = YES;
				CLANG_WARN_EMPTY_BODY = YES;
				CLANG_WARN_ENUM_CONVERSION = YES;
				CLANG_WARN_INFINITE_RECURSION = YES;
				CLANG_WARN_INT_CONVERSION = YES;
				CLANG_WARN_NON_LITERAL_NULL_CONVERSION = YES;
				CLANG_WARN_OBJC_IMPLICIT_RETAIN_SELF = YES;
				CLANG_WARN_OBJC_LITERAL_CONVERSION = YES;
				CLANG_WARN_OBJC_ROOT_CLASS = YES_ERROR;
				CLANG_WARN_RANGE_LOOP_ANALYSIS = YES;
				CLANG_WARN_STRICT_PROTOTYPES = YES;
				CLANG_WARN_SUSPICIOUS_MOVE = YES;
				CLANG_WARN_UNGUARDED_AVAILABILITY = YES_AGGRESSIVE;
				CLANG_WARN_UNREACHABLE_CODE = YES;
				CLANG_WARN__DUPLICATE_METHOD_MATCH = YES;
				CODE_SIGN_IDENTITY = "iPhone Developer";
				COPY_PHASE_STRIP = NO;
				DEBUG_INFORMATION_FORMAT = "dwarf-with-dsym";
				ENABLE_NS_ASSERTIONS = NO;
				ENABLE_STRICT_OBJC_MSGSEND = YES;
				GCC_C_LANGUAGE_STANDARD = gnu11;
				GCC_NO_COMMON_BLOCKS = YES;
				GCC_WARN_64_TO_32_BIT_CONVERSION = YES;
				GCC_WARN_ABOUT_RETURN_TYPE = YES_ERROR;
				GCC_WARN_UNDECLARED_SELECTOR = YES;
				GCC_WARN_UNINITIALIZED_AUTOS = YES_AGGRESSIVE;
				GCC_WARN_UNUSED_FUNCTION = YES;
				GCC_WARN_UNUSED_VARIABLE = YES;
				IPHONEOS_DEPLOYMENT_TARGET = 11.0;
				MTL_ENABLE_DEBUG_INFO = NO;
				MTL_FAST_MATH = YES;
				SDKROOT = iphoneos;
				SWIFT_COMPILATION_MODE = wholemodule;
				SWIFT_OPTIMIZATION_LEVEL = "-O";
				VALIDATE_PRODUCT = YES;
			};
			name = Release;
		};
		EB860C88235A460100733FE5 /* Debug */ = {
			isa = XCBuildConfiguration;
			baseConfigurationReference = 9412D0CB128325E7406328D7 /* Pods-Chillinator 2.debug.xcconfig */;
			buildSettings = {
				ASSETCATALOG_COMPILER_APPICON_NAME = AppIcon;
				CODE_SIGN_STYLE = Automatic;
				DEVELOPMENT_TEAM = 5B87H2U8KV;
				INFOPLIST_FILE = "Chillinator 2/Info.plist";
				IPHONEOS_DEPLOYMENT_TARGET = 11;
				LD_RUNPATH_SEARCH_PATHS = (
					"$(inherited)",
					"@executable_path/Frameworks",
				);
				PRODUCT_BUNDLE_IDENTIFIER = "NRKK.DEV.Chillinator-2";
				PRODUCT_NAME = "$(TARGET_NAME)";
				SWIFT_VERSION = 5.0;
				TARGETED_DEVICE_FAMILY = 1;
			};
			name = Debug;
		};
		EB860C89235A460100733FE5 /* Release */ = {
			isa = XCBuildConfiguration;
			baseConfigurationReference = 31ECB4A8F7FC5DF6C4FA7A01 /* Pods-Chillinator 2.release.xcconfig */;
			buildSettings = {
				ASSETCATALOG_COMPILER_APPICON_NAME = AppIcon;
				CODE_SIGN_STYLE = Automatic;
				DEVELOPMENT_TEAM = 5B87H2U8KV;
				INFOPLIST_FILE = "Chillinator 2/Info.plist";
				IPHONEOS_DEPLOYMENT_TARGET = 11;
				LD_RUNPATH_SEARCH_PATHS = (
					"$(inherited)",
					"@executable_path/Frameworks",
				);
				PRODUCT_BUNDLE_IDENTIFIER = "NRKK.DEV.Chillinator-2";
				PRODUCT_NAME = "$(TARGET_NAME)";
				SWIFT_VERSION = 5.0;
				TARGETED_DEVICE_FAMILY = 1;
			};
			name = Release;
		};
/* End XCBuildConfiguration section */

/* Begin XCConfigurationList section */
		EB860C70235A460000733FE5 /* Build configuration list for PBXProject "Chillinator 2" */ = {
			isa = XCConfigurationList;
			buildConfigurations = (
				EB860C85235A460100733FE5 /* Debug */,
				EB860C86235A460100733FE5 /* Release */,
			);
			defaultConfigurationIsVisible = 0;
			defaultConfigurationName = Release;
		};
		EB860C87235A460100733FE5 /* Build configuration list for PBXNativeTarget "Chillinator 2" */ = {
			isa = XCConfigurationList;
			buildConfigurations = (
				EB860C88235A460100733FE5 /* Debug */,
				EB860C89235A460100733FE5 /* Release */,
			);
			defaultConfigurationIsVisible = 0;
			defaultConfigurationName = Release;
		};
/* End XCConfigurationList section */
	};
	rootObject = EB860C6D235A460000733FE5 /* Project object */;
}
